// !$*UTF8*$!
{
	archiveVersion = 1;
	classes = {
	};
	objectVersion = 50;
	objects = {

/* Begin PBXBuildFile section */
		D12E1AA62082455600478B99 /* AppDelegate.m in Sources */ = {isa = PBXBuildFile; fileRef = D12E1AA52082455600478B99 /* AppDelegate.m */; };
		D12E1AA92082455600478B99 /* ViewController.m in Sources */ = {isa = PBXBuildFile; fileRef = D12E1AA82082455600478B99 /* ViewController.m */; };
		D12E1AAC2082455600478B99 /* Main.storyboard in Resources */ = {isa = PBXBuildFile; fileRef = D12E1AAA2082455600478B99 /* Main.storyboard */; };
		D12E1AAE2082455800478B99 /* Assets.xcassets in Resources */ = {isa = PBXBuildFile; fileRef = D12E1AAD2082455800478B99 /* Assets.xcassets */; };
		D12E1AB12082455800478B99 /* LaunchScreen.storyboard in Resources */ = {isa = PBXBuildFile; fileRef = D12E1AAF2082455800478B99 /* LaunchScreen.storyboard */; };
		D12E1AB42082455800478B99 /* main.m in Sources */ = {isa = PBXBuildFile; fileRef = D12E1AB32082455800478B99 /* main.m */; };
/* End PBXBuildFile section */

/* Begin PBXFileReference section */
		D12E1AA12082455600478B99 /* Block用法汇总.app */ = {isa = PBXFileReference; explicitFileType = wrapper.application; includeInIndex = 0; path = "Block用法汇总.app"; sourceTree = BUILT_PRODUCTS_DIR; };
		D12E1AA42082455600478B99 /* AppDelegate.h */ = {isa = PBXFileReference; lastKnownFileType = sourcecode.c.h; path = AppDelegate.h; sourceTree = "<group>"; };
		D12E1AA52082455600478B99 /* AppDelegate.m */ = {isa = PBXFileReference; lastKnownFileType = sourcecode.c.objc; path = AppDelegate.m; sourceTree = "<group>"; };
		D12E1AA72082455600478B99 /* ViewController.h */ = {isa = PBXFileReference; lastKnownFileType = sourcecode.c.h; path = ViewController.h; sourceTree = "<group>"; };
		D12E1AA82082455600478B99 /* ViewController.m */ = {isa = PBXFileReference; lastKnownFileType = sourcecode.c.objc; path = ViewController.m; sourceTree = "<group>"; };
		D12E1AAB2082455600478B99 /* Base */ = {isa = PBXFileReference; lastKnownFileType = file.storyboard; name = Base; path = Base.lproj/Main.storyboard; sourceTree = "<group>"; };
		D12E1AAD2082455800478B99 /* Assets.xcassets */ = {isa = PBXFileReference; lastKnownFileType = folder.assetcatalog; path = Assets.xcassets; sourceTree = "<group>"; };
		D12E1AB02082455800478B99 /* Base */ = {isa = PBXFileReference; lastKnownFileType = file.storyboard; name = Base; path = Base.lproj/LaunchScreen.storyboard; sourceTree = "<group>"; };
		D12E1AB22082455800478B99 /* Info.plist */ = {isa = PBXFileReference; lastKnownFileType = text.plist.xml; path = Info.plist; sourceTree = "<group>"; };
		D12E1AB32082455800478B99 /* main.m */ = {isa = PBXFileReference; lastKnownFileType = sourcecode.c.objc; path = main.m; sourceTree = "<group>"; };
/* End PBXFileReference section */

/* Begin PBXFrameworksBuildPhase section */
		D12E1A9E2082455600478B99 /* Frameworks */ = {
			isa = PBXFrameworksBuildPhase;
			buildActionMask = 2147483647;
			files = (
			);
			runOnlyForDeploymentPostprocessing = 0;
		};
/* End PBXFrameworksBuildPhase section */

/* Begin PBXGroup section */
		D12E1A982082455600478B99 = {
			isa = PBXGroup;
			children = (
				D12E1AA32082455600478B99 /* Block用法汇总 */,
				D12E1AA22082455600478B99 /* Products */,
			);
			sourceTree = "<group>";
		};
		D12E1AA22082455600478B99 /* Products */ = {
			isa = PBXGroup;
			children = (
				D12E1AA12082455600478B99 /* Block用法汇总.app */,
			);
			name = Products;
			sourceTree = "<group>";
		};
		D12E1AA32082455600478B99 /* Block用法汇总 */ = {
			isa = PBXGroup;
			children = (
				D12E1AA42082455600478B99 /* AppDelegate.h */,
				D12E1AA52082455600478B99 /* AppDelegate.m */,
				D12E1AA72082455600478B99 /* ViewController.h */,
				D12E1AA82082455600478B99 /* ViewController.m */,
				D12E1AAA2082455600478B99 /* Main.storyboard */,
				D12E1AAD2082455800478B99 /* Assets.xcassets */,
				D12E1AAF2082455800478B99 /* LaunchScreen.storyboard */,
				D12E1AB22082455800478B99 /* Info.plist */,
				D12E1AB32082455800478B99 /* main.m */,
			);
			path = "Block用法汇总";
			sourceTree = "<group>";
		};
/* End PBXGroup section */

/* Begin PBXNativeTarget section */
		D12E1AA02082455600478B99 /* Block用法汇总 */ = {
			isa = PBXNativeTarget;
			buildConfigurationList = D12E1AB72082455800478B99 /* Build configuration list for PBXNativeTarget "Block用法汇总" */;
			buildPhases = (
				D12E1A9D2082455600478B99 /* Sources */,
				D12E1A9E2082455600478B99 /* Frameworks */,
				D12E1A9F2082455600478B99 /* Resources */,
			);
			buildRules = (
			);
			dependencies = (
			);
			name = "Block用法汇总";
			productName = "Block用法汇总";
			productReference = D12E1AA12082455600478B99 /* Block用法汇总.app */;
			productType = "com.apple.product-type.application";
		};
/* End PBXNativeTarget section */

/* Begin PBXProject section */
		D12E1A992082455600478B99 /* Project object */ = {
			isa = PBXProject;
			attributes = {
				LastUpgradeCheck = 0930;
				ORGANIZATIONNAME = weiguang;
				TargetAttributes = {
					D12E1AA02082455600478B99 = {
						CreatedOnToolsVersion = 9.3;
					};
				};
			};
			buildConfigurationList = D12E1A9C2082455600478B99 /* Build configuration list for PBXProject "Block用法汇总" */;
			compatibilityVersion = "Xcode 9.3";
			developmentRegion = en;
			hasScannedForEncodings = 0;
			knownRegions = (
				en,
				Base,
			);
			mainGroup = D12E1A982082455600478B99;
			productRefGroup = D12E1AA22082455600478B99 /* Products */;
			projectDirPath = "";
			projectRoot = "";
			targets = (
				D12E1AA02082455600478B99 /* Block用法汇总 */,
			);
		};
/* End PBXProject section */

/* Begin PBXResourcesBuildPhase section */
		D12E1A9F2082455600478B99 /* Resources */ = {
			isa = PBXResourcesBuildPhase;
			buildActionMask = 2147483647;
			files = (
				D12E1AB12082455800478B99 /* LaunchScreen.storyboard in Resources */,
				D12E1AAE2082455800478B99 /* Assets.xcassets in Resources */,
				D12E1AAC2082455600478B99 /* Main.storyboard in Resources */,
			);
			runOnlyForDeploymentPostprocessing = 0;
		};
/* End PBXResourcesBuildPhase section */

/* Begin PBXSourcesBuildPhase section */
		D12E1A9D2082455600478B99 /* Sources */ = {
			isa = PBXSourcesBuildPhase;
			buildActionMask = 2147483647;
			files = (
				D12E1AA92082455600478B99 /* ViewController.m in Sources */,
				D12E1AB42082455800478B99 /* main.m in Sources */,
				D12E1AA62082455600478B99 /* AppDelegate.m in Sources */,
			);
			runOnlyForDeploymentPostprocessing = 0;
		};
/* End PBXSourcesBuildPhase section */

/* Begin PBXVariantGroup section */
		D12E1AAA2082455600478B99 /* Main.storyboard */ = {
			isa = PBXVariantGroup;
			children = (
				D12E1AAB2082455600478B99 /* Base */,
			);
			name = Main.storyboard;
			sourceTree = "<group>";
		};
		D12E1AAF2082455800478B99 /* LaunchScreen.storyboard */ = {
			isa = PBXVariantGroup;
			children = (
				D12E1AB02082455800478B99 /* Base */,
			);
			name = LaunchScreen.storyboard;
			sourceTree = "<group>";
		};
/* End PBXVariantGroup section */

/* Begin XCBuildConfiguration section */
		D12E1AB52082455800478B99 /* Debug */ = {
			isa = XCBuildConfiguration;
			buildSettings = {
				ALWAYS_SEARCH_USER_PATHS = NO;
				CLANG_ANALYZER_NONNULL = YES;
				CLANG_ANALYZER_NUMBER_OBJECT_CONVERSION = YES_AGGRESSIVE;
				CLANG_CXX_LANGUAGE_STANDARD = "gnu++14";
				CLANG_CXX_LIBRARY = "libc++";
				CLANG_ENABLE_MODULES = YES;
				CLANG_ENABLE_OBJC_ARC = YES;
				CLANG_ENABLE_OBJC_WEAK = YES;
				CLANG_WARN_BLOCK_CAPTURE_AUTORELEASING = YES;
				CLANG_WARN_BOOL_CONVERSION = YES;
				CLANG_WARN_COMMA = YES;
				CLANG_WARN_CONSTANT_CONVERSION = YES;
				CLANG_WARN_DEPRECATED_OBJC_IMPLEMENTATIONS = YES;
				CLANG_WARN_DIRECT_OBJC_ISA_USAGE = YES_ERROR;
				CLANG_WARN_DOCUMENTATION_COMMENTS = YES;
				CLANG_WARN_EMPTY_BODY = YES;
				CLANG_WARN_ENUM_CONVERSION = YES;
				CLANG_WARN_INFINITE_RECURSION = YES;
				CLANG_WARN_INT_CONVERSION = YES;
				CLANG_WARN_NON_LITERAL_NULL_CONVERSION = YES;
				CLANG_WARN_OBJC_IMPLICIT_RETAIN_SELF = YES;
				CLANG_WARN_OBJC_LITERAL_CONVERSION = YES;
				CLANG_WARN_OBJC_ROOT_CLASS = YES_ERROR;
				CLANG_WARN_RANGE_LOOP_ANALYSIS = YES;
				CLANG_WARN_STRICT_PROTOTYPES = YES;
				CLANG_WARN_SUSPICIOUS_MOVE = YES;
				CLANG_WARN_UNGUARDED_AVAILABILITY = YES_AGGRESSIVE;
				CLANG_WARN_UNREACHABLE_CODE = YES;
				CLANG_WARN__DUPLICATE_METHOD_MATCH = YES;
				CODE_SIGN_IDENTITY = "iPhone Developer";
				COPY_PHASE_STRIP = NO;
				DEBUG_INFORMATION_FORMAT = dwarf;
				ENABLE_STRICT_OBJC_MSGSEND = YES;
				ENABLE_TESTABILITY = YES;
				GCC_C_LANGUAGE_STANDARD = gnu11;
				GCC_DYNAMIC_NO_PIC = NO;
				GCC_NO_COMMON_BLOCKS = YES;
				GCC_OPTIMIZATION_LEVEL = 0;
				GCC_PREPROCESSOR_DEFINITIONS = (
					"DEBUG=1",
					"$(inherited)",
				);
				GCC_WARN_64_TO_32_BIT_CONVERSION = YES;
				GCC_WARN_ABOUT_RETURN_TYPE = YES_ERROR;
				GCC_WARN_UNDECLARED_SELECTOR = YES;
				GCC_WARN_UNINITIALIZED_AUTOS = YES_AGGRESSIVE;
				GCC_WARN_UNUSED_FUNCTION = YES;
				GCC_WARN_UNUSED_VARIABLE = YES;
				IPHONEOS_DEPLOYMENT_TARGET = 11.3;
				MTL_ENABLE_DEBUG_INFO = YES;
				ONLY_ACTIVE_ARCH = YES;
				SDKROOT = iphoneos;
			};
			name = Debug;
		};
		D12E1AB62082455800478B99 /* Release */ = {
			isa = XCBuildConfiguration;
			buildSettings = {
				ALWAYS_SEARCH_USER_PATHS = NO;
				CLANG_ANALYZER_NONNULL = YES;
				CLANG_ANALYZER_NUMBER_OBJECT_CONVERSION = YES_AGGRESSIVE;
				CLANG_CXX_LANGUAGE_STANDARD = "gnu++14";
				CLANG_CXX_LIBRARY = "libc++";
				CLANG_ENABLE_MODULES = YES;
				CLANG_ENABLE_OBJC_ARC = YES;
				CLANG_ENABLE_OBJC_WEAK = YES;
				CLANG_WARN_BLOCK_CAPTURE_AUTORELEASING = YES;
				CLANG_WARN_BOOL_CONVERSION = YES;
				CLANG_WARN_COMMA = YES;
				CLANG_WARN_CONSTANT_CONVERSION = YES;
				CLANG_WARN_DEPRECATED_OBJC_IMPLEMENTATIONS = YES;
				CLANG_WARN_DIRECT_OBJC_ISA_USAGE = YES_ERROR;
				CLANG_WARN_DOCUMENTATION_COMMENTS = YES;
				CLANG_WARN_EMPTY_BODY = YES;
				CLANG_WARN_ENUM_CONVERSION = YES;
				CLANG_WARN_INFINITE_RECURSION = YES;
				CLANG_WARN_INT_CONVERSION = YES;
				CLANG_WARN_NON_LITERAL_NULL_CONVERSION = YES;
				CLANG_WARN_OBJC_IMPLICIT_RETAIN_SELF = YES;
				CLANG_WARN_OBJC_LITERAL_CONVERSION = YES;
				CLANG_WARN_OBJC_ROOT_CLASS = YES_ERROR;
				CLANG_WARN_RANGE_LOOP_ANALYSIS = YES;
				CLANG_WARN_STRICT_PROTOTYPES = YES;
				CLANG_WARN_SUSPICIOUS_MOVE = YES;
				CLANG_WARN_UNGUARDED_AVAILABILITY = YES_AGGRESSIVE;
				CLANG_WARN_UNREACHABLE_CODE = YES;
				CLANG_WARN__DUPLICATE_METHOD_MATCH = YES;
				CODE_SIGN_IDENTITY = "iPhone Developer";
				COPY_PHASE_STRIP = NO;
				DEBUG_INFORMATION_FORMAT = "dwarf-with-dsym";
				ENABLE_NS_ASSERTIONS = NO;
				ENABLE_STRICT_OBJC_MSGSEND = YES;
				GCC_C_LANGUAGE_STANDARD = gnu11;
				GCC_NO_COMMON_BLOCKS = YES;
				GCC_WARN_64_TO_32_BIT_CONVERSION = YES;
				GCC_WARN_ABOUT_RETURN_TYPE = YES_ERROR;
				GCC_WARN_UNDECLARED_SELECTOR = YES;
				GCC_WARN_UNINITIALIZED_AUTOS = YES_AGGRESSIVE;
				GCC_WARN_UNUSED_FUNCTION = YES;
				GCC_WARN_UNUSED_VARIABLE = YES;
				IPHONEOS_DEPLOYMENT_TARGET = 11.3;
				MTL_ENABLE_DEBUG_INFO = NO;
				SDKROOT = iphoneos;
				VALIDATE_PRODUCT = YES;
			};
			name = Release;
		};
		D12E1AB82082455800478B99 /* Debug */ = {
			isa = XCBuildConfiguration;
			buildSettings = {
				ASSETCATALOG_COMPILER_APPICON_NAME = AppIcon;
				CODE_SIGN_STYLE = Automatic;
				INFOPLIST_FILE = "Block用法汇总/Info.plist";
				LD_RUNPATH_SEARCH_PATHS = (
					"$(inherited)",
					"@executable_path/Frameworks",
				);
				PRODUCT_BUNDLE_IDENTIFIER = "com.changhong.Block----";
				PRODUCT_NAME = "$(TARGET_NAME)";
				TARGETED_DEVICE_FAMILY = "1,2";
			};
			name = Debug;
		};
		D12E1AB92082455800478B99 /* Release */ = {
			isa = XCBuildConfiguration;
			buildSettings = {
				ASSETCATALOG_COMPILER_APPICON_NAME = AppIcon;
				CODE_SIGN_STYLE = Automatic;
				INFOPLIST_FILE = "Block用法汇总/Info.plist";
				LD_RUNPATH_SEARCH_PATHS = (
					"$(inherited)",
					"@executable_path/Frameworks",
				);
				PRODUCT_BUNDLE_IDENTIFIER = "com.changhong.Block----";
				PRODUCT_NAME = "$(TARGET_NAME)";
				TARGETED_DEVICE_FAMILY = "1,2";
			};
			name = Release;
		};
/* End XCBuildConfiguration section */

/* Begin XCConfigurationList section */
		D12E1A9C2082455600478B99 /* Build configuration list for PBXProject "Block用法汇总" */ = {
			isa = XCConfigurationList;
			buildConfigurations = (
				D12E1AB52082455800478B99 /* Debug */,
				D12E1AB62082455800478B99 /* Release */,
			);
			defaultConfigurationIsVisible = 0;
			defaultConfigurationName = Release;
		};
		D12E1AB72082455800478B99 /* Build configuration list for PBXNativeTarget "Block用法汇总" */ = {
			isa = XCConfigurationList;
			buildConfigurations = (
				D12E1AB82082455800478B99 /* Debug */,
				D12E1AB92082455800478B99 /* Release */,
			);
			defaultConfigurationIsVisible = 0;
			defaultConfigurationName = Release;
		};
/* End XCConfigurationList section */
	};
	rootObject = D12E1A992082455600478B99 /* Project object */;
}
